<?xml version="1.0" encoding="utf-8"?>
<Project ToolsVersion="4.0" xmlns="http://schemas.microsoft.com/developer/msbuild/2003">
  <ItemGroup>
    <Filter Include="headers">
      <UniqueIdentifier>{880eb206-417b-4f3b-a317-841455fb95ac}</UniqueIdentifier>
    </Filter>
    <Filter Include="Parser">
      <UniqueIdentifier>{b52d04ed-6301-4306-ab69-21889c8f0399}</UniqueIdentifier>
    </Filter>
    <Filter Include="Compiler">
      <UniqueIdentifier>{0c5f2747-396d-4765-a633-7652c186c835}</UniqueIdentifier>
    </Filter>
    <Filter Include="Runtime">
      <UniqueIdentifier>{21bccd3f-68bb-4153-8f6e-2d79363a2b2a}</UniqueIdentifier>
    </Filter>
    <Filter Include="Metagen">
      <UniqueIdentifier>{a8b0698d-2059-42a0-af05-4fa06093cd69}</UniqueIdentifier>
    </Filter>
    <Filter Include="Library">
      <UniqueIdentifier>{6ccda76f-d0e9-43fc-b11f-9589408e6db3}</UniqueIdentifier>
    </Filter>
    <Filter Include="ExternalHeaders">
      <UniqueIdentifier>{3b9550fa-57fb-4ec0-94f0-838210ae6217}</UniqueIdentifier>
    </Filter>
    <Filter Include="Compiler\Internal">
      <UniqueIdentifier>{46bea160-aad5-458e-82c8-5409fbad4048}</UniqueIdentifier>
    </Filter>
    <Filter Include="Other headers">
      <UniqueIdentifier>{c3063933-c203-4cc4-9b13-9b25d45a0af7}</UniqueIdentifier>
    </Filter>
  </ItemGroup>
  <ItemGroup>
    <ClCompile Include="Lexer.cpp">
      <Filter>Parser</Filter>
    </ClCompile>
    <ClCompile Include="SyntaxCore.cpp">
      <Filter>Parser</Filter>
    </ClCompile>
    <ClCompile Include="Parser.cpp">
      <Filter>Parser</Filter>
    </ClCompile>
    <ClCompile Include="Expr.cpp">
      <Filter>Compiler</Filter>
    </ClCompile>
    <ClCompile Include="ByteCodeGenerator.cpp">
      <Filter>Compiler</Filter>
    </ClCompile>
    <ClCompile Include="Runtime.cpp">
      <Filter>Runtime</Filter>
    </ClCompile>
    <ClCompile Include="LizardScriptCompiler.cpp">
      <Filter>Compiler</Filter>
    </ClCompile>
    <ClCompile Include="LizardScriptLibrary.cpp">
      <Filter>Library</Filter>
    </ClCompile>
    <ClCompile Include="Print.cpp">
      <Filter>Runtime</Filter>
    </ClCompile>
    <ClCompile Include="NewLocalVariable.cpp">
      <Filter>Compiler</Filter>
    </ClCompile>
    <ClCompile Include="FindFunctionToCall.cpp">
      <Filter>Compiler\Internal</Filter>
    </ClCompile>
    <ClCompile Include="Semantic.cpp">
      <Filter>Compiler</Filter>
    </ClCompile>
  </ItemGroup>
  <ItemGroup>
    <ClInclude Include="interpreter_util.h">
      <Filter>headers</Filter>
    </ClInclude>
    <ClInclude Include="crossplatform_tchar.h">
      <Filter>headers</Filter>
    </ClInclude>
    <ClInclude Include="SyntaxCore.h">
      <Filter>Parser</Filter>
    </ClInclude>
    <ClInclude Include="Lexer.h">
      <Filter>Parser</Filter>
    </ClInclude>
    <ClInclude Include="DefaultSyntaxCore.h">
      <Filter>Parser</Filter>
    </ClInclude>
    <ClInclude Include="TypeInfo.h">
      <Filter>Metagen</Filter>
    </ClInclude>
    <ClInclude Include="Parser.h">
      <Filter>Parser</Filter>
    </ClInclude>
    <ClInclude Include="Keyword.h">
      <Filter>Parser</Filter>
    </ClInclude>
    <ClInclude Include="Expr.h">
      <Filter>Compiler</Filter>
    </ClInclude>
    <ClInclude Include="Registers.h">
      <Filter>Compiler</Filter>
    </ClInclude>
    <ClInclude Include="ByteCodeGenerator.h">
      <Filter>Compiler</Filter>
    </ClInclude>
    <ClInclude Include="opcodes_template.h">
      <Filter>Compiler</Filter>
    </ClInclude>
    <ClInclude Include="opcodes.h">
      <Filter>Compiler</Filter>
    </ClInclude>
    <ClInclude Include="LizardScriptCompiler.h">
      <Filter>ExternalHeaders</Filter>
    </ClInclude>
    <ClInclude Include="metagen.h">
      <Filter>ExternalHeaders</Filter>
    </ClInclude>
    <ClInclude Include="LizardScriptLibrary.h">
      <Filter>ExternalHeaders</Filter>
    </ClInclude>
    <ClInclude Include="Runtime.h">
      <Filter>ExternalHeaders</Filter>
    </ClInclude>
    <ClInclude Include="Print.h">
      <Filter>Runtime</Filter>
    </ClInclude>
    <ClInclude Include="Jumps.h">
      <Filter>Compiler\Internal</Filter>
    </ClInclude>
    <ClInclude Include="IdentifiersProcessor.h">
      <Filter>Compiler\Internal</Filter>
    </ClInclude>
    <ClInclude Include="RegisterAllocator.h">
      <Filter>Compiler</Filter>
    </ClInclude>
    <ClInclude Include="FindType.h">
      <Filter>Compiler\Internal</Filter>
    </ClInclude>
    <ClInclude Include="algorithms.h">
      <Filter>Other headers</Filter>
    </ClInclude>
    <ClInclude Include="Exception.h">
      <Filter>Other headers</Filter>
    </ClInclude>
    <ClInclude Include="stringptr.h">
      <Filter>Other headers</Filter>
    </ClInclude>
    <ClInclude Include="VectorsTuple.h">
      <Filter>Other headers</Filter>
    </ClInclude>
    <ClInclude Include="metagen_def.h">
      <Filter>ExternalHeaders</Filter>
    </ClInclude>
  </ItemGroup>
</Project>